
Microsoft Visual Studio Solution File, Format Version 12.00
# Visual Studio Version 16
VisualStudioVersion = 16.0.30711.63
MinimumVisualStudioVersion = 10.0.40219.1
Project("{9A19103F-16F7-4668-BE54-9A1E7A4F7556}") = "IdentityServerCore", "IdentityServerApp\IdentityServerCore.csproj", "{24E13586-E95C-497C-A5D1-2FED395166D6}"
EndProject
Project("{9A19103F-16F7-4668-BE54-9A1E7A4F7556}") = "ApiOne", "ApiOne\ApiOne.csproj", "{79D05AD2-74C0-4638-9FC2-AA20D7CB0F0D}"
EndProject
Project("{9A19103F-16F7-4668-BE54-9A1E7A4F7556}") = "ApiTwo", "ApiTwo\ApiTwo.csproj", "{B69437A8-9CEB-45F1-87AD-0CF2E811DDE9}"
EndProject
Project("{2150E333-8FDC-42A3-9474-1A3956D46DE8}") = "IdentityServer4", "IdentityServer4", "{ACCF00BB-5C43-42A3-8F2E-7CE7F94111F1}"
EndProject
Project("{2150E333-8FDC-42A3-9474-1A3956D46DE8}") = "Basics", "Basics", "{712D8F9A-E2FF-4397-9413-82A02B9C6930}"
EndProject
Project("{9A19103F-16F7-4668-BE54-9A1E7A4F7556}") = "AuthBasics", "AuthBasics\AuthBasics.csproj", "{2A7E6AFB-9D4F-432E-B6EE-29330C44ACA9}"
EndProject
Project("{2150E333-8FDC-42A3-9474-1A3956D46DE8}") = "ASP.NET Identity", "ASP.NET Identity", "{E126EA9B-9CAC-425E-94F8-76B4D5AD540C}"
EndProject
Project("{9A19103F-16F7-4668-BE54-9A1E7A4F7556}") = "IdentityExample", "IdentityExample\IdentityExample.csproj", "{A70288F1-52B9-47D2-A5DA-5AC4D2D301FC}"
EndProject
Project("{2150E333-8FDC-42A3-9474-1A3956D46DE8}") = "ClaimsRolesPolicies", "ClaimsRolesPolicies", "{67D1078A-90AD-4931-94D6-AD59ADA48996}"
EndProject
Project("{9A19103F-16F7-4668-BE54-9A1E7A4F7556}") = "ClaimsRoles", "ClaimsRoles\ClaimsRoles.csproj", "{957C12E9-22B3-41E4-BCF5-7C10833D0E3A}"
EndProject
Project("{2150E333-8FDC-42A3-9474-1A3956D46DE8}") = "JwtBearer", "JwtBearer", "{60EC55D1-5C41-4ADE-B836-B1C4E193CED7}"
EndProject
Project("{FAE04EC0-301F-11D3-BF4B-00C04F79EFBC}") = "JwtBearerBasics", "JwtBearerBasics\JwtBearerBasics.csproj", "{18BCD98D-1250-48A9-953C-74B400488EFD}"
EndProject
Project("{2150E333-8FDC-42A3-9474-1A3956D46DE8}") = "oauth", "oauth", "{92DF47A7-74F4-49FD-9382-7D89560F1A14}"
EndProject
Project("{FAE04EC0-301F-11D3-BF4B-00C04F79EFBC}") = "ServerOAuth", "Server\ServerOAuth.csproj", "{C11C8137-B9DE-46CC-816B-7976FA5383F5}"
EndProject
Project("{FAE04EC0-301F-11D3-BF4B-00C04F79EFBC}") = "ClientOAuth", "ClientOAuth\ClientOAuth.csproj", "{4D2E7CE1-EAE5-4F66-9D76-CEE9A6CD4025}"
EndProject
Global
	GlobalSection(SolutionConfigurationPlatforms) = preSolution
		Debug|Any CPU = Debug|Any CPU
		Release|Any CPU = Release|Any CPU
	EndGlobalSection
	GlobalSection(ProjectConfigurationPlatforms) = postSolution
		{24E13586-E95C-497C-A5D1-2FED395166D6}.Debug|Any CPU.ActiveCfg = Debug|Any CPU
		{24E13586-E95C-497C-A5D1-2FED395166D6}.Debug|Any CPU.Build.0 = Debug|Any CPU
		{24E13586-E95C-497C-A5D1-2FED395166D6}.Release|Any CPU.ActiveCfg = Release|Any CPU
		{24E13586-E95C-497C-A5D1-2FED395166D6}.Release|Any CPU.Build.0 = Release|Any CPU
		{79D05AD2-74C0-4638-9FC2-AA20D7CB0F0D}.Debug|Any CPU.ActiveCfg = Debug|Any CPU
		{79D05AD2-74C0-4638-9FC2-AA20D7CB0F0D}.Debug|Any CPU.Build.0 = Debug|Any CPU
		{79D05AD2-74C0-4638-9FC2-AA20D7CB0F0D}.Release|Any CPU.ActiveCfg = Release|Any CPU
		{79D05AD2-74C0-4638-9FC2-AA20D7CB0F0D}.Release|Any CPU.Build.0 = Release|Any CPU
		{B69437A8-9CEB-45F1-87AD-0CF2E811DDE9}.Debug|Any CPU.ActiveCfg = Debug|Any CPU
		{B69437A8-9CEB-45F1-87AD-0CF2E811DDE9}.Debug|Any CPU.Build.0 = Debug|Any CPU
		{B69437A8-9CEB-45F1-87AD-0CF2E811DDE9}.Release|Any CPU.ActiveCfg = Release|Any CPU
		{B69437A8-9CEB-45F1-87AD-0CF2E811DDE9}.Release|Any CPU.Build.0 = Release|Any CPU
		{2A7E6AFB-9D4F-432E-B6EE-29330C44ACA9}.Debug|Any CPU.ActiveCfg = Debug|Any CPU
		{2A7E6AFB-9D4F-432E-B6EE-29330C44ACA9}.Debug|Any CPU.Build.0 = Debug|Any CPU
		{2A7E6AFB-9D4F-432E-B6EE-29330C44ACA9}.Release|Any CPU.ActiveCfg = Release|Any CPU
		{2A7E6AFB-9D4F-432E-B6EE-29330C44ACA9}.Release|Any CPU.Build.0 = Release|Any CPU
		{A70288F1-52B9-47D2-A5DA-5AC4D2D301FC}.Debug|Any CPU.ActiveCfg = Debug|Any CPU
		{A70288F1-52B9-47D2-A5DA-5AC4D2D301FC}.Debug|Any CPU.Build.0 = Debug|Any CPU
		{A70288F1-52B9-47D2-A5DA-5AC4D2D301FC}.Release|Any CPU.ActiveCfg = Release|Any CPU
		{A70288F1-52B9-47D2-A5DA-5AC4D2D301FC}.Release|Any CPU.Build.0 = Release|Any CPU
		{957C12E9-22B3-41E4-BCF5-7C10833D0E3A}.Debug|Any CPU.ActiveCfg = Debug|Any CPU
		{957C12E9-22B3-41E4-BCF5-7C10833D0E3A}.Debug|Any CPU.Build.0 = Debug|Any CPU
		{957C12E9-22B3-41E4-BCF5-7C10833D0E3A}.Release|Any CPU.ActiveCfg = Release|Any CPU
		{957C12E9-22B3-41E4-BCF5-7C10833D0E3A}.Release|Any CPU.Build.0 = Release|Any CPU
		{18BCD98D-1250-48A9-953C-74B400488EFD}.Debug|Any CPU.ActiveCfg = Debug|Any CPU
		{18BCD98D-1250-48A9-953C-74B400488EFD}.Debug|Any CPU.Build.0 = Debug|Any CPU
		{18BCD98D-1250-48A9-953C-74B400488EFD}.Release|Any CPU.ActiveCfg = Release|Any CPU
		{18BCD98D-1250-48A9-953C-74B400488EFD}.Release|Any CPU.Build.0 = Release|Any CPU
		{C11C8137-B9DE-46CC-816B-7976FA5383F5}.Debug|Any CPU.ActiveCfg = Debug|Any CPU
		{C11C8137-B9DE-46CC-816B-7976FA5383F5}.Debug|Any CPU.Build.0 = Debug|Any CPU
		{C11C8137-B9DE-46CC-816B-7976FA5383F5}.Release|Any CPU.ActiveCfg = Release|Any CPU
		{C11C8137-B9DE-46CC-816B-7976FA5383F5}.Release|Any CPU.Build.0 = Release|Any CPU
		{4D2E7CE1-EAE5-4F66-9D76-CEE9A6CD4025}.Debug|Any CPU.ActiveCfg = Debug|Any CPU
		{4D2E7CE1-EAE5-4F66-9D76-CEE9A6CD4025}.Debug|Any CPU.Build.0 = Debug|Any CPU
		{4D2E7CE1-EAE5-4F66-9D76-CEE9A6CD4025}.Release|Any CPU.ActiveCfg = Release|Any CPU
		{4D2E7CE1-EAE5-4F66-9D76-CEE9A6CD4025}.Release|Any CPU.Build.0 = Release|Any CPU
	EndGlobalSection
	GlobalSection(SolutionProperties) = preSolution
		HideSolutionNode = FALSE
	EndGlobalSection
	GlobalSection(NestedProjects) = preSolution
		{24E13586-E95C-497C-A5D1-2FED395166D6} = {ACCF00BB-5C43-42A3-8F2E-7CE7F94111F1}
		{79D05AD2-74C0-4638-9FC2-AA20D7CB0F0D} = {ACCF00BB-5C43-42A3-8F2E-7CE7F94111F1}
		{B69437A8-9CEB-45F1-87AD-0CF2E811DDE9} = {ACCF00BB-5C43-42A3-8F2E-7CE7F94111F1}
		{2A7E6AFB-9D4F-432E-B6EE-29330C44ACA9} = {712D8F9A-E2FF-4397-9413-82A02B9C6930}
		{A70288F1-52B9-47D2-A5DA-5AC4D2D301FC} = {E126EA9B-9CAC-425E-94F8-76B4D5AD540C}
		{957C12E9-22B3-41E4-BCF5-7C10833D0E3A} = {67D1078A-90AD-4931-94D6-AD59ADA48996}
		{18BCD98D-1250-48A9-953C-74B400488EFD} = {60EC55D1-5C41-4ADE-B836-B1C4E193CED7}
		{C11C8137-B9DE-46CC-816B-7976FA5383F5} = {92DF47A7-74F4-49FD-9382-7D89560F1A14}
		{4D2E7CE1-EAE5-4F66-9D76-CEE9A6CD4025} = {92DF47A7-74F4-49FD-9382-7D89560F1A14}
	EndGlobalSection
	GlobalSection(ExtensibilityGlobals) = postSolution
		SolutionGuid = {879E3714-6041-48E1-82C4-F57138539E72}
	EndGlobalSection
EndGlobal
